
Microsoft Visual Studio Solution File, Format Version 12.00
# Visual Studio 15
VisualStudioVersion = 15.0.28307.757
MinimumVisualStudioVersion = 10.0.40219.1
Project("{FAE04EC0-301F-11D3-BF4B-00C04F79EFBC}") = "Nhom3", "Nhom3\Nhom3.csproj", "{81EE2E8D-88C6-4E1C-9AF7-A88693F844E8}"
EndProject
Global
	GlobalSection(SolutionConfigurationPlatforms) = preSolution
		Debug|Any CPU = Debug|Any CPU
		Release|Any CPU = Release|Any CPU
	EndGlobalSection
	GlobalSection(ProjectConfigurationPlatforms) = postSolution
		{81EE2E8D-88C6-4E1C-9AF7-A88693F844E8}.Debug|Any CPU.ActiveCfg = Debug|Any CPU
		{81EE2E8D-88C6-4E1C-9AF7-A88693F844E8}.Debug|Any CPU.Build.0 = Debug|Any CPU
		{81EE2E8D-88C6-4E1C-9AF7-A88693F844E8}.Release|Any CPU.ActiveCfg = Release|Any CPU
		{81EE2E8D-88C6-4E1C-9AF7-A88693F844E8}.Release|Any CPU.Build.0 = Release|Any CPU
	EndGlobalSection
	GlobalSection(SolutionProperties) = preSolution
		HideSolutionNode = FALSE
	EndGlobalSection
	GlobalSection(ExtensibilityGlobals) = postSolution
		SolutionGuid = {0934436E-D3FB-4133-B9F3-D4C01B3B2C70}
	EndGlobalSection
EndGlobal
